
Microsoft Visual Studio Solution File, Format Version 12.00
# Visual Studio Version 17
VisualStudioVersion = 17.14.36429.23 d17.14
MinimumVisualStudioVersion = 10.0.40219.1
Project("{FAE04EC0-301F-11D3-BF4B-00C04F79EFBC}") = "SeededRun", "SeededRun.csproj", "{93D6D8B9-55D9-41E7-B147-CBBA22AF5D54}"
EndProject
Global
	GlobalSection(SolutionConfigurationPlatforms) = preSolution
		Debug|Any CPU = Debug|Any CPU
		Release|Any CPU = Release|Any CPU
	EndGlobalSection
	GlobalSection(ProjectConfigurationPlatforms) = postSolution
		{93D6D8B9-55D9-41E7-B147-CBBA22AF5D54}.Debug|Any CPU.ActiveCfg = Debug|Any CPU
		{93D6D8B9-55D9-41E7-B147-CBBA22AF5D54}.Debug|Any CPU.Build.0 = Debug|Any CPU
		{93D6D8B9-55D9-41E7-B147-CBBA22AF5D54}.Release|Any CPU.ActiveCfg = Release|Any CPU
		{93D6D8B9-55D9-41E7-B147-CBBA22AF5D54}.Release|Any CPU.Build.0 = Release|Any CPU
	EndGlobalSection
	GlobalSection(SolutionProperties) = preSolution
		HideSolutionNode = FALSE
	EndGlobalSection
	GlobalSection(ExtensibilityGlobals) = postSolution
		SolutionGuid = {95234A13-6E05-4DE9-84F2-7B9DF96E37AA}
	EndGlobalSection
EndGlobal
